
Microsoft Visual Studio Solution File, Format Version 12.00
# Visual Studio 15
VisualStudioVersion = 15.0.27130.2010
MinimumVisualStudioVersion = 10.0.40219.1
Project("{FAE04EC0-301F-11D3-BF4B-00C04F79EFBC}") = "BinaryTree", "BinaryTree\BinaryTree.csproj", "{EA367061-03BB-40CA-9FCF-F9327A2A93FD}"
EndProject
Project("{FAE04EC0-301F-11D3-BF4B-00C04F79EFBC}") = "Substance", "Substance\Substance.csproj", "{3D40DBB5-49D8-43FD-86A7-A8189118E3A7}"
EndProject
Project("{FAE04EC0-301F-11D3-BF4B-00C04F79EFBC}") = "UnitTestTree", "UnitTestTree\UnitTestTree.csproj", "{3DD8EFF4-18FB-419E-96B3-50E2E3ABA5A9}"
EndProject
Project("{9A19103F-16F7-4668-BE54-9A1E7A4F7556}") = "ConsoleSubstanceInterface", "ConsoleSubstanceInterface\ConsoleSubstanceInterface.csproj", "{97B0DA43-6E4F-460A-9645-E247408C6111}"
EndProject
Project("{9A19103F-16F7-4668-BE54-9A1E7A4F7556}") = "Comparer", "Comparer\Comparer.csproj", "{318307C1-7052-47BE-9D21-0C7D67B5A74D}"
EndProject
Project("{9A19103F-16F7-4668-BE54-9A1E7A4F7556}") = "Provider", "Provider\Provider.csproj", "{5C0A8670-558A-4122-AC57-967C2987A8EB}"
EndProject
Project("{9A19103F-16F7-4668-BE54-9A1E7A4F7556}") = "Console", "Console\Console.csproj", "{9A096056-8846-4E55-978F-96799C354F7A}"
EndProject
Project("{FAE04EC0-301F-11D3-BF4B-00C04F79EFBC}") = "WpfStudent", "WpfStudent\WpfStudent.csproj", "{757286B1-7FFF-46CC-BF31-6555C05AD896}"
EndProject
Global
	GlobalSection(SolutionConfigurationPlatforms) = preSolution
		Debug|Any CPU = Debug|Any CPU
		Release|Any CPU = Release|Any CPU
	EndGlobalSection
	GlobalSection(ProjectConfigurationPlatforms) = postSolution
		{EA367061-03BB-40CA-9FCF-F9327A2A93FD}.Debug|Any CPU.ActiveCfg = Debug|Any CPU
		{EA367061-03BB-40CA-9FCF-F9327A2A93FD}.Debug|Any CPU.Build.0 = Debug|Any CPU
		{EA367061-03BB-40CA-9FCF-F9327A2A93FD}.Release|Any CPU.ActiveCfg = Release|Any CPU
		{EA367061-03BB-40CA-9FCF-F9327A2A93FD}.Release|Any CPU.Build.0 = Release|Any CPU
		{3D40DBB5-49D8-43FD-86A7-A8189118E3A7}.Debug|Any CPU.ActiveCfg = Debug|Any CPU
		{3D40DBB5-49D8-43FD-86A7-A8189118E3A7}.Debug|Any CPU.Build.0 = Debug|Any CPU
		{3D40DBB5-49D8-43FD-86A7-A8189118E3A7}.Release|Any CPU.ActiveCfg = Release|Any CPU
		{3D40DBB5-49D8-43FD-86A7-A8189118E3A7}.Release|Any CPU.Build.0 = Release|Any CPU
		{3DD8EFF4-18FB-419E-96B3-50E2E3ABA5A9}.Debug|Any CPU.ActiveCfg = Debug|Any CPU
		{3DD8EFF4-18FB-419E-96B3-50E2E3ABA5A9}.Debug|Any CPU.Build.0 = Debug|Any CPU
		{3DD8EFF4-18FB-419E-96B3-50E2E3ABA5A9}.Release|Any CPU.ActiveCfg = Release|Any CPU
		{3DD8EFF4-18FB-419E-96B3-50E2E3ABA5A9}.Release|Any CPU.Build.0 = Release|Any CPU
		{97B0DA43-6E4F-460A-9645-E247408C6111}.Debug|Any CPU.ActiveCfg = Debug|Any CPU
		{97B0DA43-6E4F-460A-9645-E247408C6111}.Debug|Any CPU.Build.0 = Debug|Any CPU
		{97B0DA43-6E4F-460A-9645-E247408C6111}.Release|Any CPU.ActiveCfg = Release|Any CPU
		{97B0DA43-6E4F-460A-9645-E247408C6111}.Release|Any CPU.Build.0 = Release|Any CPU
		{318307C1-7052-47BE-9D21-0C7D67B5A74D}.Debug|Any CPU.ActiveCfg = Debug|Any CPU
		{318307C1-7052-47BE-9D21-0C7D67B5A74D}.Debug|Any CPU.Build.0 = Debug|Any CPU
		{318307C1-7052-47BE-9D21-0C7D67B5A74D}.Release|Any CPU.ActiveCfg = Release|Any CPU
		{318307C1-7052-47BE-9D21-0C7D67B5A74D}.Release|Any CPU.Build.0 = Release|Any CPU
		{5C0A8670-558A-4122-AC57-967C2987A8EB}.Debug|Any CPU.ActiveCfg = Debug|Any CPU
		{5C0A8670-558A-4122-AC57-967C2987A8EB}.Debug|Any CPU.Build.0 = Debug|Any CPU
		{5C0A8670-558A-4122-AC57-967C2987A8EB}.Release|Any CPU.ActiveCfg = Release|Any CPU
		{5C0A8670-558A-4122-AC57-967C2987A8EB}.Release|Any CPU.Build.0 = Release|Any CPU
		{9A096056-8846-4E55-978F-96799C354F7A}.Debug|Any CPU.ActiveCfg = Debug|Any CPU
		{9A096056-8846-4E55-978F-96799C354F7A}.Debug|Any CPU.Build.0 = Debug|Any CPU
		{9A096056-8846-4E55-978F-96799C354F7A}.Release|Any CPU.ActiveCfg = Release|Any CPU
		{9A096056-8846-4E55-978F-96799C354F7A}.Release|Any CPU.Build.0 = Release|Any CPU
		{757286B1-7FFF-46CC-BF31-6555C05AD896}.Debug|Any CPU.ActiveCfg = Debug|Any CPU
		{757286B1-7FFF-46CC-BF31-6555C05AD896}.Debug|Any CPU.Build.0 = Debug|Any CPU
		{757286B1-7FFF-46CC-BF31-6555C05AD896}.Release|Any CPU.ActiveCfg = Release|Any CPU
		{757286B1-7FFF-46CC-BF31-6555C05AD896}.Release|Any CPU.Build.0 = Release|Any CPU
	EndGlobalSection
	GlobalSection(SolutionProperties) = preSolution
		HideSolutionNode = FALSE
	EndGlobalSection
	GlobalSection(ExtensibilityGlobals) = postSolution
		SolutionGuid = {1878EE80-9CD7-4F6F-9D4E-A79A3A038D28}
	EndGlobalSection
EndGlobal
