
Microsoft Visual Studio Solution File, Format Version 12.00
# Visual Studio 15
VisualStudioVersion = 15.0.27130.2010
MinimumVisualStudioVersion = 10.0.40219.1
Project("{FAE04EC0-301F-11D3-BF4B-00C04F79EFBC}") = "XMLParser", "XMLParser\XMLParser.csproj", "{EC6891B8-4C56-4ED9-B0FA-D7F19521AFAD}"
EndProject
Project("{FAE04EC0-301F-11D3-BF4B-00C04F79EFBC}") = "Substance", "Substance\Substance.csproj", "{288B8CDE-351C-45EA-9B45-B7B21B676F16}"
EndProject
Project("{FAE04EC0-301F-11D3-BF4B-00C04F79EFBC}") = "ConsoleInterface", "XmlConsoleInterface\ConsoleInterface.csproj", "{9C2343CF-ADB6-4C99-837E-4B6BF4DE0CBC}"
EndProject
Project("{FAE04EC0-301F-11D3-BF4B-00C04F79EFBC}") = "SubstanceProvider", "SubstanceProvider\SubstanceProvider.csproj", "{1D57ED08-B6C0-4B97-91A2-F8052D863BD9}"
EndProject
Global
	GlobalSection(SolutionConfigurationPlatforms) = preSolution
		Debug|Any CPU = Debug|Any CPU
		Release|Any CPU = Release|Any CPU
	EndGlobalSection
	GlobalSection(ProjectConfigurationPlatforms) = postSolution
		{EC6891B8-4C56-4ED9-B0FA-D7F19521AFAD}.Debug|Any CPU.ActiveCfg = Debug|Any CPU
		{EC6891B8-4C56-4ED9-B0FA-D7F19521AFAD}.Debug|Any CPU.Build.0 = Debug|Any CPU
		{EC6891B8-4C56-4ED9-B0FA-D7F19521AFAD}.Release|Any CPU.ActiveCfg = Release|Any CPU
		{EC6891B8-4C56-4ED9-B0FA-D7F19521AFAD}.Release|Any CPU.Build.0 = Release|Any CPU
		{288B8CDE-351C-45EA-9B45-B7B21B676F16}.Debug|Any CPU.ActiveCfg = Debug|Any CPU
		{288B8CDE-351C-45EA-9B45-B7B21B676F16}.Debug|Any CPU.Build.0 = Debug|Any CPU
		{288B8CDE-351C-45EA-9B45-B7B21B676F16}.Release|Any CPU.ActiveCfg = Release|Any CPU
		{288B8CDE-351C-45EA-9B45-B7B21B676F16}.Release|Any CPU.Build.0 = Release|Any CPU
		{9C2343CF-ADB6-4C99-837E-4B6BF4DE0CBC}.Debug|Any CPU.ActiveCfg = Debug|Any CPU
		{9C2343CF-ADB6-4C99-837E-4B6BF4DE0CBC}.Debug|Any CPU.Build.0 = Debug|Any CPU
		{9C2343CF-ADB6-4C99-837E-4B6BF4DE0CBC}.Release|Any CPU.ActiveCfg = Release|Any CPU
		{9C2343CF-ADB6-4C99-837E-4B6BF4DE0CBC}.Release|Any CPU.Build.0 = Release|Any CPU
		{1D57ED08-B6C0-4B97-91A2-F8052D863BD9}.Debug|Any CPU.ActiveCfg = Debug|Any CPU
		{1D57ED08-B6C0-4B97-91A2-F8052D863BD9}.Debug|Any CPU.Build.0 = Debug|Any CPU
		{1D57ED08-B6C0-4B97-91A2-F8052D863BD9}.Release|Any CPU.ActiveCfg = Release|Any CPU
		{1D57ED08-B6C0-4B97-91A2-F8052D863BD9}.Release|Any CPU.Build.0 = Release|Any CPU
	EndGlobalSection
	GlobalSection(SolutionProperties) = preSolution
		HideSolutionNode = FALSE
	EndGlobalSection
	GlobalSection(ExtensibilityGlobals) = postSolution
		SolutionGuid = {37A37166-09D2-4C40-9949-7AD6FA432871}
	EndGlobalSection
EndGlobal
