
Microsoft Visual Studio Solution File, Format Version 12.00
# Visual Studio 15
VisualStudioVersion = 15.0.27130.2010
MinimumVisualStudioVersion = 10.0.40219.1
Project("{FAE04EC0-301F-11D3-BF4B-00C04F79EFBC}") = "XMLParser", "XMLParser\XMLParser.csproj", "{4BA30563-B5D6-4210-858D-92BFC10D5B50}"
EndProject
Project("{FAE04EC0-301F-11D3-BF4B-00C04F79EFBC}") = "Substance", "Substance\Substance.csproj", "{46E1C808-B79C-42BB-A312-7DE367B38BE1}"
EndProject
Global
	GlobalSection(SolutionConfigurationPlatforms) = preSolution
		Debug|Any CPU = Debug|Any CPU
		Release|Any CPU = Release|Any CPU
	EndGlobalSection
	GlobalSection(ProjectConfigurationPlatforms) = postSolution
		{4BA30563-B5D6-4210-858D-92BFC10D5B50}.Debug|Any CPU.ActiveCfg = Debug|Any CPU
		{4BA30563-B5D6-4210-858D-92BFC10D5B50}.Debug|Any CPU.Build.0 = Debug|Any CPU
		{4BA30563-B5D6-4210-858D-92BFC10D5B50}.Release|Any CPU.ActiveCfg = Release|Any CPU
		{4BA30563-B5D6-4210-858D-92BFC10D5B50}.Release|Any CPU.Build.0 = Release|Any CPU
		{46E1C808-B79C-42BB-A312-7DE367B38BE1}.Debug|Any CPU.ActiveCfg = Debug|Any CPU
		{46E1C808-B79C-42BB-A312-7DE367B38BE1}.Debug|Any CPU.Build.0 = Debug|Any CPU
		{46E1C808-B79C-42BB-A312-7DE367B38BE1}.Release|Any CPU.ActiveCfg = Release|Any CPU
		{46E1C808-B79C-42BB-A312-7DE367B38BE1}.Release|Any CPU.Build.0 = Release|Any CPU
	EndGlobalSection
	GlobalSection(SolutionProperties) = preSolution
		HideSolutionNode = FALSE
	EndGlobalSection
	GlobalSection(ExtensibilityGlobals) = postSolution
		SolutionGuid = {BA12DE7C-C8B6-4D6B-8674-84D971ADB5A4}
	EndGlobalSection
EndGlobal
